lockfileVersion: '9.0'

settings:
  autoInstallPeers: true
  excludeLinksFromLockfile: false

importers:

  .:
    dependencies:
      axios:
        specifier: ^1.10.0
        version: 1.13.2
      bootstrap-touchspin:
        specifier: ^4.7.3
        version: 4.7.3
      i18next:
        specifier: ^25.2.1
        version: 25.7.4
      isotope-layout:
        specifier: ^3.0.6
        version: 3.0.6
      lightgallery:
        specifier: ^2.7.2
        version: 2.9.0
      next:
        specifier: ^14.0.4-canary.36
        version: 14.2.35(react-dom@18.2.0(react@18.2.0))(react@18.2.0)(sass@1.97.2)
      next-i18next:
        specifier: ^15.4.2
        version: 15.4.3(@types/react@19.2.7)(i18next@25.7.4)(next@14.2.35(react-dom@18.2.0(react@18.2.0))(react@18.2.0)(sass@1.97.2))(react-i18next@15.7.4(i18next@25.7.4)(react-dom@18.2.0(react@18.2.0))(react@18.2.0))(react@18.2.0)
      next-translate:
        specifier: ^2.6.2
        version: 2.6.2(next@14.2.35(react-dom@18.2.0(react@18.2.0))(react@18.2.0)(sass@1.97.2))(react@18.2.0)
      next-translate-plugin:
        specifier: ^2.6.2
        version: 2.6.2(next-translate@2.6.2(next@14.2.35(react-dom@18.2.0(react@18.2.0))(react@18.2.0)(sass@1.97.2))(react@18.2.0))
      react:
        specifier: 18.2.0
        version: 18.2.0
      react-curved-text:
        specifier: ^2.0.2
        version: 2.0.2(react-dom@18.2.0(react@18.2.0))(react@18.2.0)
      react-dom:
        specifier: 18.2.0
        version: 18.2.0(react@18.2.0)
      react-i18next:
        specifier: ^15.5.2
        version: 15.7.4(i18next@25.7.4)(react-dom@18.2.0(react@18.2.0))(react@18.2.0)
      react-modal-video:
        specifier: ^2.0.1
        version: 2.0.2(react-dom@18.2.0(react@18.2.0))(react@18.2.0)
      sass:
        specifier: ^1.66.1
        version: 1.97.2
      swiper:
        specifier: ^10.3.1
        version: 10.3.1
      wowjs:
        specifier: ^1.1.3
        version: 1.1.3

packages:

  '@babel/runtime@7.28.4':
    resolution: {integrity: sha512-Q/N6JNWvIvPnLDvjlE1OUBLPQHH6l3CltCEsHIujp45zQUSSh8K+gHnaEX45yAT1nyngnINhvWtzN+Nb9D8RAQ==}
    engines: {node: '>=6.9.0'}

  '@next/env@14.2.35':
    resolution: {integrity: sha512-DuhvCtj4t9Gwrx80dmz2F4t/zKQ4ktN8WrMwOuVzkJfBilwAwGr6v16M5eI8yCuZ63H9TTuEU09Iu2HqkzFPVQ==}

  '@next/swc-darwin-arm64@14.2.33':
    resolution: {integrity: sha512-HqYnb6pxlsshoSTubdXKu15g3iivcbsMXg4bYpjL2iS/V6aQot+iyF4BUc2qA/J/n55YtvE4PHMKWBKGCF/+wA==}
    engines: {node: '>= 10'}
    cpu: [arm64]
    os: [darwin]

  '@next/swc-darwin-x64@14.2.33':
    resolution: {integrity: sha512-8HGBeAE5rX3jzKvF593XTTFg3gxeU4f+UWnswa6JPhzaR6+zblO5+fjltJWIZc4aUalqTclvN2QtTC37LxvZAA==}
    engines: {node: '>= 10'}
    cpu: [x64]
    os: [darwin]

  '@next/swc-linux-arm64-gnu@14.2.33':
    resolution: {integrity: sha512-JXMBka6lNNmqbkvcTtaX8Gu5by9547bukHQvPoLe9VRBx1gHwzf5tdt4AaezW85HAB3pikcvyqBToRTDA4DeLw==}
    engines: {node: '>= 10'}
    cpu: [arm64]
    os: [linux]

  '@next/swc-linux-arm64-musl@14.2.33':
    resolution: {integrity: sha512-Bm+QulsAItD/x6Ih8wGIMfRJy4G73tu1HJsrccPW6AfqdZd0Sfm5Imhgkgq2+kly065rYMnCOxTBvmvFY1BKfg==}
    engines: {node: '>= 10'}
    cpu: [arm64]
    os: [linux]

  '@next/swc-linux-x64-gnu@14.2.33':
    resolution: {integrity: sha512-FnFn+ZBgsVMbGDsTqo8zsnRzydvsGV8vfiWwUo1LD8FTmPTdV+otGSWKc4LJec0oSexFnCYVO4hX8P8qQKaSlg==}
    engines: {node: '>= 10'}
    cpu: [x64]
    os: [linux]

  '@next/swc-linux-x64-musl@14.2.33':
    resolution: {integrity: sha512-345tsIWMzoXaQndUTDv1qypDRiebFxGYx9pYkhwY4hBRaOLt8UGfiWKr9FSSHs25dFIf8ZqIFaPdy5MljdoawA==}
    engines: {node: '>= 10'}
    cpu: [x64]
    os: [linux]

  '@next/swc-win32-arm64-msvc@14.2.33':
    resolution: {integrity: sha512-nscpt0G6UCTkrT2ppnJnFsYbPDQwmum4GNXYTeoTIdsmMydSKFz9Iny2jpaRupTb+Wl298+Rh82WKzt9LCcqSQ==}
    engines: {node: '>= 10'}
    cpu: [arm64]
    os: [win32]

  '@next/swc-win32-ia32-msvc@14.2.33':
    resolution: {integrity: sha512-pc9LpGNKhJ0dXQhZ5QMmYxtARwwmWLpeocFmVG5Z0DzWq5Uf0izcI8tLc+qOpqxO1PWqZ5A7J1blrUIKrIFc7Q==}
    engines: {node: '>= 10'}
    cpu: [ia32]
    os: [win32]

  '@next/swc-win32-x64-msvc@14.2.33':
    resolution: {integrity: sha512-nOjfZMy8B94MdisuzZo9/57xuFVLHJaDj5e/xrduJp9CV2/HrfxTRH2fbyLe+K9QT41WBLUd4iXX3R7jBp0EUg==}
    engines: {node: '>= 10'}
    cpu: [x64]
    os: [win32]

  '@parcel/watcher-android-arm64@2.5.1':
    resolution: {integrity: sha512-KF8+j9nNbUN8vzOFDpRMsaKBHZ/mcjEjMToVMJOhTozkDonQFFrRcfdLWn6yWKCmJKmdVxSgHiYvTCef4/qcBA==}
    engines: {node: '>= 10.0.0'}
    cpu: [arm64]
    os: [android]

  '@parcel/watcher-darwin-arm64@2.5.1':
    resolution: {integrity: sha512-eAzPv5osDmZyBhou8PoF4i6RQXAfeKL9tjb3QzYuccXFMQU0ruIc/POh30ePnaOyD1UXdlKguHBmsTs53tVoPw==}
    engines: {node: '>= 10.0.0'}
    cpu: [arm64]
    os: [darwin]

  '@parcel/watcher-darwin-x64@2.5.1':
    resolution: {integrity: sha512-1ZXDthrnNmwv10A0/3AJNZ9JGlzrF82i3gNQcWOzd7nJ8aj+ILyW1MTxVk35Db0u91oD5Nlk9MBiujMlwmeXZg==}
    engines: {node: '>= 10.0.0'}
    cpu: [x64]
    os: [darwin]

  '@parcel/watcher-freebsd-x64@2.5.1':
    resolution: {integrity: sha512-SI4eljM7Flp9yPuKi8W0ird8TI/JK6CSxju3NojVI6BjHsTyK7zxA9urjVjEKJ5MBYC+bLmMcbAWlZ+rFkLpJQ==}
    engines: {node: '>= 10.0.0'}
    cpu: [x64]
    os: [freebsd]

  '@parcel/watcher-linux-arm-glibc@2.5.1':
    resolution: {integrity: sha512-RCdZlEyTs8geyBkkcnPWvtXLY44BCeZKmGYRtSgtwwnHR4dxfHRG3gR99XdMEdQ7KeiDdasJwwvNSF5jKtDwdA==}
    engines: {node: '>= 10.0.0'}
    cpu: [arm]
    os: [linux]

  '@parcel/watcher-linux-arm-musl@2.5.1':
    resolution: {integrity: sha512-6E+m/Mm1t1yhB8X412stiKFG3XykmgdIOqhjWj+VL8oHkKABfu/gjFj8DvLrYVHSBNC+/u5PeNrujiSQ1zwd1Q==}
    engines: {node: '>= 10.0.0'}
    cpu: [arm]
    os: [linux]

  '@parcel/watcher-linux-arm64-glibc@2.5.1':
    resolution: {integrity: sha512-LrGp+f02yU3BN9A+DGuY3v3bmnFUggAITBGriZHUREfNEzZh/GO06FF5u2kx8x+GBEUYfyTGamol4j3m9ANe8w==}
    engines: {node: '>= 10.0.0'}
    cpu: [arm64]
    os: [linux]

  '@parcel/watcher-linux-arm64-musl@2.5.1':
    resolution: {integrity: sha512-cFOjABi92pMYRXS7AcQv9/M1YuKRw8SZniCDw0ssQb/noPkRzA+HBDkwmyOJYp5wXcsTrhxO0zq1U11cK9jsFg==}
    engines: {node: '>= 10.0.0'}
    cpu: [arm64]
    os: [linux]

  '@parcel/watcher-linux-x64-glibc@2.5.1':
    resolution: {integrity: sha512-GcESn8NZySmfwlTsIur+49yDqSny2IhPeZfXunQi48DMugKeZ7uy1FX83pO0X22sHntJ4Ub+9k34XQCX+oHt2A==}
    engines: {node: '>= 10.0.0'}
    cpu: [x64]
    os: [linux]

  '@parcel/watcher-linux-x64-musl@2.5.1':
    resolution: {integrity: sha512-n0E2EQbatQ3bXhcH2D1XIAANAcTZkQICBPVaxMeaCVBtOpBZpWJuf7LwyWPSBDITb7In8mqQgJ7gH8CILCURXg==}
    engines: {node: '>= 10.0.0'}
    cpu: [x64]
    os: [linux]

  '@parcel/watcher-win32-arm64@2.5.1':
    resolution: {integrity: sha512-RFzklRvmc3PkjKjry3hLF9wD7ppR4AKcWNzH7kXR7GUe0Igb3Nz8fyPwtZCSquGrhU5HhUNDr/mKBqj7tqA2Vw==}
    engines: {node: '>= 10.0.0'}
    cpu: [arm64]
    os: [win32]

  '@parcel/watcher-win32-ia32@2.5.1':
    resolution: {integrity: sha512-c2KkcVN+NJmuA7CGlaGD1qJh1cLfDnQsHjE89E60vUEMlqduHGCdCLJCID5geFVM0dOtA3ZiIO8BoEQmzQVfpQ==}
    engines: {node: '>= 10.0.0'}
    cpu: [ia32]
    os: [win32]

  '@parcel/watcher-win32-x64@2.5.1':
    resolution: {integrity: sha512-9lHBdJITeNR++EvSQVUcaZoWupyHfXe1jZvGZ06O/5MflPcuPLtEphScIBL+AiCWBO46tDSHzWyD0uDmmZqsgA==}
    engines: {node: '>= 10.0.0'}
    cpu: [x64]
    os: [win32]

  '@parcel/watcher@2.5.1':
    resolution: {integrity: sha512-dfUnCxiN9H4ap84DvD2ubjw+3vUNpstxa0TneY/Paat8a3R4uQZDLSvWjmznAY/DoahqTHl9V46HF/Zs3F29pg==}
    engines: {node: '>= 10.0.0'}

  '@swc/counter@0.1.3':
    resolution: {integrity: sha512-e2BR4lsJkkRlKZ/qCHPw9ZaSxc0MVUd7gtbtaB7aMvHeJVYe8sOB8DBZkP2DtISHGSku9sCK6T6cnY0CtXrOCQ==}

  '@swc/helpers@0.5.5':
    resolution: {integrity: sha512-KGYxvIOXcceOAbEk4bi/dVLEK9z8sZ0uBB3Il5b1rhfClSpcX0yfRO0KmTkqR2cnQDymwLB+25ZyMzICg/cm/A==}

  '@types/hoist-non-react-statics@3.3.7':
    resolution: {integrity: sha512-PQTyIulDkIDro8P+IHbKCsw7U2xxBYflVzW/FgWdCAePD9xGSidgA76/GeJ6lBKoblyhf9pBY763gbrN+1dI8g==}
    peerDependencies:
      '@types/react': '*'

  '@types/react@19.2.7':
    resolution: {integrity: sha512-MWtvHrGZLFttgeEj28VXHxpmwYbor/ATPYbBfSFZEIRK0ecCFLl2Qo55z52Hss+UV9CRN7trSeq1zbgx7YDWWg==}

  animate.css@4.1.1:
    resolution: {integrity: sha512-+mRmCTv6SbCmtYJCN4faJMNFVNN5EuCTTprDTAo7YzIGji2KADmakjVA3+8mVDkZ2Bf09vayB35lSQIex2+QaQ==}

  asynckit@0.4.0:
    resolution: {integrity: sha512-Oei9OH4tRh0YqU3GxhX79dM/mwVgvbZJaSNaRk+bshkj0S5cfHcgYakreBjrHwatXKbz+IoIdYLxrKim2MjW0Q==}

  axios@1.13.2:
    resolution: {integrity: sha512-VPk9ebNqPcy5lRGuSlKx752IlDatOjT9paPlm8A7yOuW2Fbvp4X3JznJtT4f0GzGLLiWE9W8onz51SqLYwzGaA==}

  bootstrap-touchspin@4.7.3:
    resolution: {integrity: sha512-VVyPKI05ybS4ciB0OJ8g4Jx4SU3rlrWa/ItSxIi7BWNVa0jUYt3eujeOiBWpkuEGukECwiAbwuzh3a+xLtxueQ==}

  braces@3.0.3:
    resolution: {integrity: sha512-yQbXgO/OSZVD2IsiLlro+7Hf6Q18EJrKSEsdoMzKePKXct3gvD8oLcOQdIzGupr5Fj+EDe8gO/lxc1BzfMpxvA==}
    engines: {node: '>=8'}

  busboy@1.6.0:
    resolution: {integrity: sha512-8SFQbg/0hQ9xy3UNTB0YEnsNBbWfhf7RtnzpL7TkBiTBRfrQ9Fxcnz7VJsleJpyp6rVLvXiuORqjlHi5q+PYuA==}
    engines: {node: '>=10.16.0'}

  call-bind-apply-helpers@1.0.2:
    resolution: {integrity: sha512-Sp1ablJ0ivDkSzjcaJdxEunN5/XvksFJ2sMBFfq6x0ryhQV/2b/KwFe21cMpmHtPOSij8K99/wSfoEuTObmuMQ==}
    engines: {node: '>= 0.4'}

  caniuse-lite@1.0.30001763:
    resolution: {integrity: sha512-mh/dGtq56uN98LlNX9qdbKnzINhX0QzhiWBFEkFfsFO4QyCvL8YegrJAazCwXIeqkIob8BlZPGM3xdnY+sgmvQ==}

  chokidar@4.0.3:
    resolution: {integrity: sha512-Qgzu8kfBvo+cA4962jnP1KkS6Dop5NS6g7R5LFYJr4b8Ub94PPQXUksCw9PvXoeXPRRddRNC5C1JQUR2SMGtnA==}
    engines: {node: '>= 14.16.0'}

  client-only@0.0.1:
    resolution: {integrity: sha512-IV3Ou0jSMzZrd3pZ48nLkT9DA7Ag1pnPzaiQhpW7c3RbcqqzvzzVu+L8gfqMp/8IM2MQtSiqaCxrrcfu8I8rMA==}

  combined-stream@1.0.8:
    resolution: {integrity: sha512-FQN4MRfuJeHf7cBbBMJFXhKSDq+2kAArBlmRBvcvFE5BB1HZKXtSFASDhdlz9zOYwxh8lDdnvmMOe/+5cdoEdg==}
    engines: {node: '>= 0.8'}

  core-js@3.47.0:
    resolution: {integrity: sha512-c3Q2VVkGAUyupsjRnaNX6u8Dq2vAdzm9iuPj5FW0fRxzlxgq9Q39MDq10IvmQSpLgHQNyQzQmOo6bgGHmH3NNg==}

  csstype@3.2.3:
    resolution: {integrity: sha512-z1HGKcYy2xA8AGQfwrn0PAy+PB7X/GSj3UVJW9qKyn43xWa+gl5nXmU4qqLMRzWVLFC8KusUX8T/0kCiOYpAIQ==}

  delayed-stream@1.0.0:
    resolution: {integrity: sha512-ZySD7Nf91aLB0RxL4KGrKHBXl7Eds1DAmEdcoVawXnLD7SDhpNgtuII2aAkg7a7QS41jxPSZ17p4VdGnMHk3MQ==}
    engines: {node: '>=0.4.0'}

  desandro-matches-selector@2.0.2:
    resolution: {integrity: sha512-+1q0nXhdzg1IpIJdMKalUwvvskeKnYyEe3shPRwedNcWtnhEKT3ZxvFjzywHDeGcKViIxTCAoOYQWP1qD7VNyg==}

  detect-libc@1.0.3:
    resolution: {integrity: sha512-pGjwhsmsp4kL2RTz08wcOlGN83otlqHeD/Z5T8GXZB+/YcpQ/dgo+lbU8ZsGxV0HIvqqxo9l7mqYwyYMD9bKDg==}
    engines: {node: '>=0.10'}
    hasBin: true

  dom-helpers@5.2.1:
    resolution: {integrity: sha512-nRCa7CK3VTrM2NmGkIy4cbK7IZlgBE/PYMn55rrXefr5xXDP0LdtfPnblFDoVdcAfslJ7or6iqAUnx0CCGIWQA==}

  dommatrix@1.0.3:
    resolution: {integrity: sha512-l32Xp/TLgWb8ReqbVJAFIvXmY7go4nTxxlWiAFyhoQw9RKEOHBZNnyGvJWqDVSPmq3Y9HlM4npqF/T6VMOXhww==}
    deprecated: dommatrix is no longer maintained. Please use @thednp/dommatrix.

  dunder-proto@1.0.1:
    resolution: {integrity: sha512-KIN/nDJBQRcXw0MLVhZE9iQHmG68qAVIBg9CqmUYjmQIhgij9U5MFvrqkUL5FbtyyzZuOeOt0zdeRe4UY7ct+A==}
    engines: {node: '>= 0.4'}

  es-define-property@1.0.1:
    resolution: {integrity: sha512-e3nRfgfUZ4rNGL232gUgX06QNyyez04KdjFrF+LTRoOXmrOgFKDg4BCdsjW8EnT69eqdYGmRpJwiPVYNrCaW3g==}
    engines: {node: '>= 0.4'}

  es-errors@1.3.0:
    resolution: {integrity: sha512-Zf5H2Kxt2xjTvbJvP2ZWLEICxA6j+hAmMzIlypy4xcBg1vKVnx89Wy0GbS+kf5cwCVFFzdCFh2XSCFNULS6csw==}
    engines: {node: '>= 0.4'}

  es-object-atoms@1.1.1:
    resolution: {integrity: sha512-FGgH2h8zKNim9ljj7dankFPcICIK9Cp5bm+c2gQSYePhpaG5+esrLODihIorn+Pe6FGJzWhXQotPv73jTaldXA==}
    engines: {node: '>= 0.4'}

  es-set-tostringtag@2.1.0:
    resolution: {integrity: sha512-j6vWzfrGVfyXxge+O0x5sh6cvxAog0a/4Rdd2K36zCMV5eJ+/+tOAngRO8cODMNWbVRdVlmGZQL2YS3yR8bIUA==}
    engines: {node: '>= 0.4'}

  ev-emitter@1.1.1:
    resolution: {integrity: sha512-ipiDYhdQSCZ4hSbX4rMW+XzNKMD1prg/sTvoVmSLkuQ1MVlwjJQQA+sW8tMYR3BLUr9KjodFV4pvzunvRhd33Q==}

  fill-range@7.1.1:
    resolution: {integrity: sha512-YsGpe3WHLK8ZYi4tWDg2Jy3ebRz2rXowDxnld4bkQB00cc/1Zw9AWnC0i9ztDJitivtQvaI9KaLyKrc+hBW0yg==}
    engines: {node: '>=8'}

  fizzy-ui-utils@2.0.7:
    resolution: {integrity: sha512-CZXDVXQ1If3/r8s0T+v+qVeMshhfcuq0rqIFgJnrtd+Bu8GmDmqMjntjUePypVtjHXKJ6V4sw9zeyox34n9aCg==}

  follow-redirects@1.15.11:
    resolution: {integrity: sha512-deG2P0JfjrTxl50XGCDyfI97ZGVCxIpfKYmfyrQ54n5FO/0gfIES8C/Psl6kWVDolizcaaxZJnTS0QSMxvnsBQ==}
    engines: {node: '>=4.0'}
    peerDependencies:
      debug: '*'
    peerDependenciesMeta:
      debug:
        optional: true

  form-data@4.0.5:
    resolution: {integrity: sha512-8RipRLol37bNs2bhoV67fiTEvdTrbMUYcFTiy3+wuuOnUog2QBHCZWXDRijWQfAkhBj2Uf5UnVaiWwA5vdd82w==}
    engines: {node: '>= 6'}

  function-bind@1.1.2:
    resolution: {integrity: sha512-7XHNxH7qX9xG5mIwxkhumTox/MIRNcOgDrxWsMt2pAr23WHp6MrRlN7FBSFpCpr+oVO0F744iUgR82nJMfG2SA==}

  get-intrinsic@1.3.0:
    resolution: {integrity: sha512-9fSjSaos/fRIVIp+xSJlE6lfwhES7LNtKaCBIamHsjr2na1BiABJPo0mOjjz8GJDURarmCPGqaiVg5mfjb98CQ==}
    engines: {node: '>= 0.4'}

  get-proto@1.0.1:
    resolution: {integrity: sha512-sTSfBjoXBp89JvIKIefqw7U2CCebsc74kiY6awiGogKtoSGbgjYE/G/+l9sF3MWFPNc9IcoOC4ODfKHfxFmp0g==}
    engines: {node: '>= 0.4'}

  get-size@2.0.3:
    resolution: {integrity: sha512-lXNzT/h/dTjTxRbm9BXb+SGxxzkm97h/PCIKtlN/CBCxxmkkIVV21udumMS93MuVTDX583gqc94v3RjuHmI+2Q==}

  gopd@1.2.0:
    resolution: {integrity: sha512-ZUKRh6/kUFoAiTAtTYPZJ3hw9wNxx+BIBOijnlG9PnrJsCcSjs1wyyD6vJpaYtgnzDrKYRSqf3OO6Rfa93xsRg==}
    engines: {node: '>= 0.4'}

  graceful-fs@4.2.11:
    resolution: {integrity: sha512-RbJ5/jmFcNNCcDV5o9eTnBLJ/HszWV0P73bc+Ff4nS/rJj+YaS6IGyiOL0VoBYX+l1Wrl3k63h/KrH+nhJ0XvQ==}

  has-symbols@1.1.0:
    resolution: {integrity: sha512-1cDNdwJ2Jaohmb3sg4OmKaMBwuC48sYni5HUw2DvsC8LjGTLK9h+eb1X6RyuOHe4hT0ULCW68iomhjUoKUqlPQ==}
    engines: {node: '>= 0.4'}

  has-tostringtag@1.0.2:
    resolution: {integrity: sha512-NqADB8VjPFLM2V0VvHUewwwsw0ZWBaIdgo+ieHtK3hasLz4qeCRjYcqfB6AQrBggRKppKF8L52/VqdVsO47Dlw==}
    engines: {node: '>= 0.4'}

  hasown@2.0.2:
    resolution: {integrity: sha512-0hJU9SCPvmMzIBdZFqNPXWa6dqh7WdH0cII9y+CyS8rG3nL48Bclra9HmKhVVUHyPWNH5Y7xDwAB7bfgSjkUMQ==}
    engines: {node: '>= 0.4'}

  hoist-non-react-statics@3.3.2:
    resolution: {integrity: sha512-/gGivxi8JPKWNm/W0jSmzcMPpfpPLc3dY/6GxhX2hQ9iGj3aDfklV4ET7NjKpSinLpJ5vafa9iiGIEZg10SfBw==}

  html-parse-stringify@3.0.1:
    resolution: {integrity: sha512-KknJ50kTInJ7qIScF3jeaFRpMpE8/lfiTdzf/twXyPBLAGrLRTmkz3AdTnKeh40X8k9L2fdYwEp/42WGXIRGcg==}

  i18next-fs-backend@2.6.1:
    resolution: {integrity: sha512-eYWTX7QT7kJ0sZyCPK6x1q+R63zvNKv2D6UdbMf15A8vNb2ZLyw4NNNZxPFwXlIv/U+oUtg8SakW6ZgJZcoqHQ==}

  i18next@25.7.4:
    resolution: {integrity: sha512-hRkpEblXXcXSNbw8mBNq9042OEetgyB/ahc/X17uV/khPwzV+uB8RHceHh3qavyrkPJvmXFKXME2Sy1E0KjAfw==}
    peerDependencies:
      typescript: ^5
    peerDependenciesMeta:
      typescript:
        optional: true

  immutable@5.1.4:
    resolution: {integrity: sha512-p6u1bG3YSnINT5RQmx/yRZBpenIl30kVxkTLDyHLIMk0gict704Q9n+thfDI7lTRm9vXdDYutVzXhzcThxTnXA==}

  is-extglob@2.1.1:
    resolution: {integrity: sha512-SbKbANkN603Vi4jEZv49LeVJMn4yGwsbzZworEoyEiutsN3nJYdbO36zfhGJ6QEDpOZIFkDtnq5JRxmvl3jsoQ==}
    engines: {node: '>=0.10.0'}

  is-glob@4.0.3:
    resolution: {integrity: sha512-xelSayHH36ZgE7ZWhli7pW34hNbNl8Ojv5KVmkJD4hBdD3th8Tfk9vYasLM+mXWOZhFkgZfxhLSnrwRr4elSSg==}
    engines: {node: '>=0.10.0'}

  is-number@7.0.0:
    resolution: {integrity: sha512-41Cifkg6e8TylSpdtTpeLVMqvSBEVzTttHvERD741+pnZ8ANv0004MRL43QKPDlK9cGvNp6NZWZUBlbGXYxxng==}
    engines: {node: '>=0.12.0'}

  isotope-layout@3.0.6:
    resolution: {integrity: sha512-z2ZKablhocXhoNyWwzJPFd7u7FWbYbVJA51Nvsqsod8jH2ExGc1SwDsSWKE54e3PhXzqf2yZPhFSq/c2MR1arw==}

  js-tokens@4.0.0:
    resolution: {integrity: sha512-RdJUflcE3cUzKiMqQgsCu06FPu9UdIJO0beYbPhHN4k6apgJtifcoCtT9bcxOpYBtpD2kCM6Sbzg4CausW/PKQ==}

  lightgallery@2.9.0:
    resolution: {integrity: sha512-58Ud1DyhD2ao58t+kPEqSZrjFxg23tGd5ZKr75erm7q31g5xhUtWUJH3sTUkhHzlyJAKHj5eTrJ37HQRXG4Wbg==}
    engines: {node: '>=6.0.0'}

  loose-envify@1.4.0:
    resolution: {integrity: sha512-lyuxPGr/Wfhrlem2CL/UcnUc1zcqKAImBDzukY7Y5F/yQiNdko6+fRLevlw1HgMySw7f611UIY408EtxRSoK3Q==}
    hasBin: true

  masonry-layout@4.2.2:
    resolution: {integrity: sha512-iGtAlrpHNyxaR19CvKC3npnEcAwszXoyJiI8ARV2ePi7fmYhIud25MHK8Zx4P0LCC4d3TNO9+rFa1KoK1OEOaA==}

  math-intrinsics@1.1.0:
    resolution: {integrity: sha512-/IXtbwEk5HTPyEwyKX6hGkYXxM9nbj64B+ilVJnC/R6B0pH5G4V3b0pVbL7DBj4tkhBAppbQUlf6F6Xl9LHu1g==}
    engines: {node: '>= 0.4'}

  micromatch@4.0.8:
    resolution: {integrity: sha512-PXwfBhYu0hBCPw8Dn0E+WDYb7af3dSLVWKi3HGv84IdF4TyFoC0ysxFd0Goxw7nSv4T/PzEJQxsYsEiFCKo2BA==}
    engines: {node: '>=8.6'}

  mime-db@1.52.0:
    resolution: {integrity: sha512-sPU4uV7dYlvtWJxwwxHD0PuihVNiE7TyAbQ5SWxDCB9mUYvOgroQOwYQQOKPJ8CIbE+1ETVlOoK1UC2nU3gYvg==}
    engines: {node: '>= 0.6'}

  mime-types@2.1.35:
    resolution: {integrity: sha512-ZDY+bPm5zTTF+YpCrAU9nK0UgICYPT0QtT1NZWFv4s++TNkcgVaT0g6+4R2uI4MjQjzysHB1zxuWL50hzaeXiw==}
    engines: {node: '>= 0.6'}

  nanoid@3.3.11:
    resolution: {integrity: sha512-N8SpfPUnUp1bK+PMYW8qSWdl9U+wwNWI4QKxOYDy9JAro3WMX7p2OeVRF9v+347pnakNevPmiHhNmZ2HbFA76w==}
    engines: {node: ^10 || ^12 || ^13.7 || ^14 || >=15.0.1}
    hasBin: true

  next-i18next@15.4.3:
    resolution: {integrity: sha512-ZRmiz72o1Jvh2ZghCUQX1Ua5F/f2W1/Ila/L1ZeKVuSWiH7J4zfUedfDxNBEhj9lajREC7aoJuPXMFtKi2bdIg==}
    engines: {node: '>=14'}
    peerDependencies:
      i18next: '>= 23.7.13'
      next: '>= 12.0.0'
      react: '>= 17.0.2'
      react-i18next: '>= 13.5.0'

  next-translate-plugin@2.6.2:
    resolution: {integrity: sha512-qfvYG//QfP7b+A/xXGP9K+bdswkAFCabguemuEqjxu+j8pRNoF+jWKmepRXRaAcn1PqFLBj6PBvYkqD1r5k5Zw==}
    engines: {node: '>=14.15.0'}
    peerDependencies:
      next-translate: '>= 2.4.1'

  next-translate@2.6.2:
    resolution: {integrity: sha512-Dcfo2Vyw+Ds06+8BJM0RcV/lfN7R59kTY/NP+XJgSpcrFKZV6QJuKfS+K4+OHkKBdQnF3ZOT3wk1np9eZx/PEA==}
    engines: {node: '>=16.10.0'}
    peerDependencies:
      next: '>= 13.2.5'
      react: '>= 18.0.0'

  next@14.2.35:
    resolution: {integrity: sha512-KhYd2Hjt/O1/1aZVX3dCwGXM1QmOV4eNM2UTacK5gipDdPN/oHHK/4oVGy7X8GMfPMsUTUEmGlsy0EY1YGAkig==}
    engines: {node: '>=18.17.0'}
    hasBin: true
    peerDependencies:
      '@opentelemetry/api': ^1.1.0
      '@playwright/test': ^1.41.2
      react: ^18.2.0
      react-dom: ^18.2.0
      sass: ^1.3.0
    peerDependenciesMeta:
      '@opentelemetry/api':
        optional: true
      '@playwright/test':
        optional: true
      sass:
        optional: true

  node-addon-api@7.1.1:
    resolution: {integrity: sha512-5m3bsyrjFWE1xf7nz7YXdN4udnVtXK6/Yfgn5qnahL6bCkf2yKt4k3nuTKAtT4r3IG8JNR2ncsIMdZuAzJjHQQ==}

  object-assign@4.1.1:
    resolution: {integrity: sha512-rJgTQnkUnH1sFw8yT6VSU3zD3sWmu6sZhIseY8VX+GRu3P6F7Fu+JNDoXfklElbLJSnc3FUQHVe4cU5hj+BcUg==}
    engines: {node: '>=0.10.0'}

  outlayer@2.1.1:
    resolution: {integrity: sha512-+GplXsCQ3VrbGujAeHEzP9SXsBmJxzn/YdDSQZL0xqBmAWBmortu2Y9Gwdp9J0bgDQ8/YNIPMoBM13nTwZfAhw==}

  picocolors@1.1.1:
    resolution: {integrity: sha512-xceH2snhtb5M9liqDsmEw56le376mTZkEX/jEb/RxNFyegNul7eNslCXP9FDj/Lcu0X8KEyMceP2ntpaHrDEVA==}

  picomatch@2.3.1:
    resolution: {integrity: sha512-JU3teHTNjmE2VCGFzuY8EXzCDVwEqB2a8fsIvwaStHhAWJEeVd1o1QD80CU6+ZdEXXSLbSsuLwJjkCBWqRQUVA==}
    engines: {node: '>=8.6'}

  postcss@8.4.31:
    resolution: {integrity: sha512-PS08Iboia9mts/2ygV3eLpY5ghnUcfLV/EXTOW1E2qYxJKGGBUtNjN76FYHnMs36RmARn41bC0AZmn+rR0OVpQ==}
    engines: {node: ^10 || ^12 || >=14}

  prop-types@15.8.1:
    resolution: {integrity: sha512-oj87CgZICdulUohogVAR7AjlC0327U4el4L6eAvOqCeudMDVU0NThNaV+b9Df4dXgSP1gXMTnPdhfe/2qDH5cg==}

  proxy-from-env@1.1.0:
    resolution: {integrity: sha512-D+zkORCbA9f1tdWRK0RaCR3GPv50cMxcrz4X8k5LTSUD1Dkw47mKJEZQNunItRTkWwgtaUSo1RVFRIG9ZXiFYg==}

  react-curved-text@2.0.2:
    resolution: {integrity: sha512-wEHJ8NgfgS6dIWfuFcx8v+en0Ohnd9OuIxzrmpRhltts7H7FWbDuiGEkPYLjJN2AvCI7hv+txCT4PwRuERrFkg==}
    peerDependencies:
      react: '>=18.0.0'
      react-dom: '>=18.0.0'

  react-dom@18.2.0:
    resolution: {integrity: sha512-6IMTriUmvsjHUjNtEDudZfuDQUoWXVxKHhlEGSk81n4YFS+r/Kl99wXiwlVXtPBtJenozv2P+hxDsw9eA7Xo6g==}
    peerDependencies:
      react: ^18.2.0

  react-i18next@15.7.4:
    resolution: {integrity: sha512-nyU8iKNrI5uDJch0z9+Y5XEr34b0wkyYj3Rp+tfbahxtlswxSCjcUL9H0nqXo9IR3/t5Y5PKIA3fx3MfUyR9Xw==}
    peerDependencies:
      i18next: '>= 23.4.0'
      react: '>= 16.8.0'
      react-dom: '*'
      react-native: '*'
      typescript: ^5
    peerDependenciesMeta:
      react-dom:
        optional: true
      react-native:
        optional: true
      typescript:
        optional: true

  react-is@16.13.1:
    resolution: {integrity: sha512-24e6ynE2H+OKt4kqsOvNd8kBpV65zoxbA4BVsEOB3ARVWQki/DHzaUoC5KuON/BiccDaCCTZBuOcfZs70kR8bQ==}

  react-modal-video@2.0.2:
    resolution: {integrity: sha512-Cfo3rEsxU5BL+Et/nRK7l2ajW/TLZOKTMPgpD8FDlhIxRR3yqo3Xdo1ufNxONApN0XL6iXqmMkqyEKmGOmcEiw==}
    peerDependencies:
      react: ^17.0.0 || ^18.2.0
      react-dom: ^17.0.0 || ^18.2.0

  react-transition-group@4.4.5:
    resolution: {integrity: sha512-pZcd1MCJoiKiBR2NRxeCRg13uCXbydPnmB4EOeRrY7480qNWO8IIgQG6zlDkm6uRMsURXPuKq0GWtiM59a5Q6g==}
    peerDependencies:
      react: '>=16.6.0'
      react-dom: '>=16.6.0'

  react@18.2.0:
    resolution: {integrity: sha512-/3IjMdb2L9QbBdWiW5e3P2/npwMBaU9mHCSCUzNln0ZCYbcfTsGbTJrU/kGemdH2IWmB2ioZ+zkxtmq6g09fGQ==}
    engines: {node: '>=0.10.0'}

  readdirp@4.1.2:
    resolution: {integrity: sha512-GDhwkLfywWL2s6vEjyhri+eXmfH6j1L7JE27WhqLeYzoh/A3DBaYGEj2H/HFZCn/kMfim73FXxEJTw06WtxQwg==}
    engines: {node: '>= 14.18.0'}

  sass@1.97.2:
    resolution: {integrity: sha512-y5LWb0IlbO4e97Zr7c3mlpabcbBtS+ieiZ9iwDooShpFKWXf62zz5pEPdwrLYm+Bxn1fnbwFGzHuCLSA9tBmrw==}
    engines: {node: '>=14.0.0'}
    hasBin: true

  scheduler@0.23.2:
    resolution: {integrity: sha512-UOShsPwz7NrMUqhR6t0hWjFduvOzbtv7toDH1/hIrfRNIDBnnBWd0CwJTGvTpngVlmwGCdP9/Zl/tVrDqcuYzQ==}

  source-map-js@1.2.1:
    resolution: {integrity: sha512-UXWMKhLOwVKb728IUtQPXxfYU+usdybtUrK/8uGE8CQMvrhOpwvzDBwj0QhSL7MQc7vIsISBG8VQ8+IDQxpfQA==}
    engines: {node: '>=0.10.0'}

  streamsearch@1.1.0:
    resolution: {integrity: sha512-Mcc5wHehp9aXz1ax6bZUyY5afg9u2rv5cqQI3mRrYkGC8rW2hM02jWuwjtL++LS5qinSyhj2QfLyNsuc+VsExg==}
    engines: {node: '>=10.0.0'}

  styled-jsx@5.1.1:
    resolution: {integrity: sha512-pW7uC1l4mBZ8ugbiZrcIsiIvVx1UmTfw7UkC3Um2tmfUq9Bhk8IiyEIPl6F8agHgjzku6j0xQEZbfA5uSgSaCw==}
    engines: {node: '>= 12.0.0'}
    peerDependencies:
      '@babel/core': '*'
      babel-plugin-macros: '*'
      react: '>= 16.8.0 || 17.x.x || ^18.0.0-0'
    peerDependenciesMeta:
      '@babel/core':
        optional: true
      babel-plugin-macros:
        optional: true

  svg-path-commander@1.0.5:
    resolution: {integrity: sha512-hhQfARVXoPrwwe4DNPWM4hjQLK7rTxwQ+TUc5mxoe5g0k5eStc4SPnKqmivlm/dzZ98bI+yDyKye92n2t+oOiQ==}

  swiper@10.3.1:
    resolution: {integrity: sha512-24Wk3YUdZHxjc9faID97GTu6xnLNia+adMt6qMTZG/HgdSUt4fS0REsGUXJOgpTED0Amh/j+gRGQxsLayJUlBQ==}
    engines: {node: '>= 4.7.0'}

  to-regex-range@5.0.1:
    resolution: {integrity: sha512-65P7iz6X5yEr1cwcgvQxbbIw7Uk3gOy5dIdtZ4rDveLqhrdJP+Li/Hx6tyK0NEb+2GCyneCMJiGqrADCSNk8sQ==}
    engines: {node: '>=8.0'}

  tslib@2.8.1:
    resolution: {integrity: sha512-oJFu94HQb+KVduSUQL7wnpmqnfmLsOA/nAh6b6EH0wCEoK0/mPeXU6c3wKDV83MkOuHPRHtSXKKU99IBazS/2w==}

  typescript@4.5.2:
    resolution: {integrity: sha512-5BlMof9H1yGt0P8/WF+wPNw6GfctgGjXp5hkblpyT+8rkASSmkUKMXrxR0Xg8ThVCi/JnHQiKXeBaEwCeQwMFw==}
    engines: {node: '>=4.2.0'}
    hasBin: true

  void-elements@3.1.0:
    resolution: {integrity: sha512-Dhxzh5HZuiHQhbvTW9AMetFfBHDMYpo23Uo9btPXgdYP+3T5S+p+jgNy7spra+veYhBP2dCSgxR/i2Y02h5/6w==}
    engines: {node: '>=0.10.0'}

  wowjs@1.1.3:
    resolution: {integrity: sha512-HQp1gi56wYmjOYYOMZ08TnDGpT+AO21RJVa0t1NJ3jU8l3dMyP+sY7TO/lilzVp4JFjW88bBY87RnpxdpSKofA==}

snapshots:

  '@babel/runtime@7.28.4': {}

  '@next/env@14.2.35': {}

  '@next/swc-darwin-arm64@14.2.33':
    optional: true

  '@next/swc-darwin-x64@14.2.33':
    optional: true

  '@next/swc-linux-arm64-gnu@14.2.33':
    optional: true

  '@next/swc-linux-arm64-musl@14.2.33':
    optional: true

  '@next/swc-linux-x64-gnu@14.2.33':
    optional: true

  '@next/swc-linux-x64-musl@14.2.33':
    optional: true

  '@next/swc-win32-arm64-msvc@14.2.33':
    optional: true

  '@next/swc-win32-ia32-msvc@14.2.33':
    optional: true

  '@next/swc-win32-x64-msvc@14.2.33':
    optional: true

  '@parcel/watcher-android-arm64@2.5.1':
    optional: true

  '@parcel/watcher-darwin-arm64@2.5.1':
    optional: true

  '@parcel/watcher-darwin-x64@2.5.1':
    optional: true

  '@parcel/watcher-freebsd-x64@2.5.1':
    optional: true

  '@parcel/watcher-linux-arm-glibc@2.5.1':
    optional: true

  '@parcel/watcher-linux-arm-musl@2.5.1':
    optional: true

  '@parcel/watcher-linux-arm64-glibc@2.5.1':
    optional: true

  '@parcel/watcher-linux-arm64-musl@2.5.1':
    optional: true

  '@parcel/watcher-linux-x64-glibc@2.5.1':
    optional: true

  '@parcel/watcher-linux-x64-musl@2.5.1':
    optional: true

  '@parcel/watcher-win32-arm64@2.5.1':
    optional: true

  '@parcel/watcher-win32-ia32@2.5.1':
    optional: true

  '@parcel/watcher-win32-x64@2.5.1':
    optional: true

  '@parcel/watcher@2.5.1':
    dependencies:
      detect-libc: 1.0.3
      is-glob: 4.0.3
      micromatch: 4.0.8
      node-addon-api: 7.1.1
    optionalDependencies:
      '@parcel/watcher-android-arm64': 2.5.1
      '@parcel/watcher-darwin-arm64': 2.5.1
      '@parcel/watcher-darwin-x64': 2.5.1
      '@parcel/watcher-freebsd-x64': 2.5.1
      '@parcel/watcher-linux-arm-glibc': 2.5.1
      '@parcel/watcher-linux-arm-musl': 2.5.1
      '@parcel/watcher-linux-arm64-glibc': 2.5.1
      '@parcel/watcher-linux-arm64-musl': 2.5.1
      '@parcel/watcher-linux-x64-glibc': 2.5.1
      '@parcel/watcher-linux-x64-musl': 2.5.1
      '@parcel/watcher-win32-arm64': 2.5.1
      '@parcel/watcher-win32-ia32': 2.5.1
      '@parcel/watcher-win32-x64': 2.5.1
    optional: true

  '@swc/counter@0.1.3': {}

  '@swc/helpers@0.5.5':
    dependencies:
      '@swc/counter': 0.1.3
      tslib: 2.8.1

  '@types/hoist-non-react-statics@3.3.7(@types/react@19.2.7)':
    dependencies:
      '@types/react': 19.2.7
      hoist-non-react-statics: 3.3.2

  '@types/react@19.2.7':
    dependencies:
      csstype: 3.2.3

  animate.css@4.1.1: {}

  asynckit@0.4.0: {}

  axios@1.13.2:
    dependencies:
      follow-redirects: 1.15.11
      form-data: 4.0.5
      proxy-from-env: 1.1.0
    transitivePeerDependencies:
      - debug

  bootstrap-touchspin@4.7.3: {}

  braces@3.0.3:
    dependencies:
      fill-range: 7.1.1
    optional: true

  busboy@1.6.0:
    dependencies:
      streamsearch: 1.1.0

  call-bind-apply-helpers@1.0.2:
    dependencies:
      es-errors: 1.3.0
      function-bind: 1.1.2

  caniuse-lite@1.0.30001763: {}

  chokidar@4.0.3:
    dependencies:
      readdirp: 4.1.2

  client-only@0.0.1: {}

  combined-stream@1.0.8:
    dependencies:
      delayed-stream: 1.0.0

  core-js@3.47.0: {}

  csstype@3.2.3: {}

  delayed-stream@1.0.0: {}

  desandro-matches-selector@2.0.2: {}

  detect-libc@1.0.3:
    optional: true

  dom-helpers@5.2.1:
    dependencies:
      '@babel/runtime': 7.28.4
      csstype: 3.2.3

  dommatrix@1.0.3: {}

  dunder-proto@1.0.1:
    dependencies:
      call-bind-apply-helpers: 1.0.2
      es-errors: 1.3.0
      gopd: 1.2.0

  es-define-property@1.0.1: {}

  es-errors@1.3.0: {}

  es-object-atoms@1.1.1:
    dependencies:
      es-errors: 1.3.0

  es-set-tostringtag@2.1.0:
    dependencies:
      es-errors: 1.3.0
      get-intrinsic: 1.3.0
      has-tostringtag: 1.0.2
      hasown: 2.0.2

  ev-emitter@1.1.1: {}

  fill-range@7.1.1:
    dependencies:
      to-regex-range: 5.0.1
    optional: true

  fizzy-ui-utils@2.0.7:
    dependencies:
      desandro-matches-selector: 2.0.2

  follow-redirects@1.15.11: {}

  form-data@4.0.5:
    dependencies:
      asynckit: 0.4.0
      combined-stream: 1.0.8
      es-set-tostringtag: 2.1.0
      hasown: 2.0.2
      mime-types: 2.1.35

  function-bind@1.1.2: {}

  get-intrinsic@1.3.0:
    dependencies:
      call-bind-apply-helpers: 1.0.2
      es-define-property: 1.0.1
      es-errors: 1.3.0
      es-object-atoms: 1.1.1
      function-bind: 1.1.2
      get-proto: 1.0.1
      gopd: 1.2.0
      has-symbols: 1.1.0
      hasown: 2.0.2
      math-intrinsics: 1.1.0

  get-proto@1.0.1:
    dependencies:
      dunder-proto: 1.0.1
      es-object-atoms: 1.1.1

  get-size@2.0.3: {}

  gopd@1.2.0: {}

  graceful-fs@4.2.11: {}

  has-symbols@1.1.0: {}

  has-tostringtag@1.0.2:
    dependencies:
      has-symbols: 1.1.0

  hasown@2.0.2:
    dependencies:
      function-bind: 1.1.2

  hoist-non-react-statics@3.3.2:
    dependencies:
      react-is: 16.13.1

  html-parse-stringify@3.0.1:
    dependencies:
      void-elements: 3.1.0

  i18next-fs-backend@2.6.1: {}

  i18next@25.7.4:
    dependencies:
      '@babel/runtime': 7.28.4

  immutable@5.1.4: {}

  is-extglob@2.1.1:
    optional: true

  is-glob@4.0.3:
    dependencies:
      is-extglob: 2.1.1
    optional: true

  is-number@7.0.0:
    optional: true

  isotope-layout@3.0.6:
    dependencies:
      desandro-matches-selector: 2.0.2
      fizzy-ui-utils: 2.0.7
      get-size: 2.0.3
      masonry-layout: 4.2.2
      outlayer: 2.1.1

  js-tokens@4.0.0: {}

  lightgallery@2.9.0: {}

  loose-envify@1.4.0:
    dependencies:
      js-tokens: 4.0.0

  masonry-layout@4.2.2:
    dependencies:
      get-size: 2.0.3
      outlayer: 2.1.1

  math-intrinsics@1.1.0: {}

  micromatch@4.0.8:
    dependencies:
      braces: 3.0.3
      picomatch: 2.3.1
    optional: true

  mime-db@1.52.0: {}

  mime-types@2.1.35:
    dependencies:
      mime-db: 1.52.0

  nanoid@3.3.11: {}

  next-i18next@15.4.3(@types/react@19.2.7)(i18next@25.7.4)(next@14.2.35(react-dom@18.2.0(react@18.2.0))(react@18.2.0)(sass@1.97.2))(react-i18next@15.7.4(i18next@25.7.4)(react-dom@18.2.0(react@18.2.0))(react@18.2.0))(react@18.2.0):
    dependencies:
      '@babel/runtime': 7.28.4
      '@types/hoist-non-react-statics': 3.3.7(@types/react@19.2.7)
      core-js: 3.47.0
      hoist-non-react-statics: 3.3.2
      i18next: 25.7.4
      i18next-fs-backend: 2.6.1
      next: 14.2.35(react-dom@18.2.0(react@18.2.0))(react@18.2.0)(sass@1.97.2)
      react: 18.2.0
      react-i18next: 15.7.4(i18next@25.7.4)(react-dom@18.2.0(react@18.2.0))(react@18.2.0)
    transitivePeerDependencies:
      - '@types/react'

  next-translate-plugin@2.6.2(next-translate@2.6.2(next@14.2.35(react-dom@18.2.0(react@18.2.0))(react@18.2.0)(sass@1.97.2))(react@18.2.0)):
    dependencies:
      next-translate: 2.6.2(next@14.2.35(react-dom@18.2.0(react@18.2.0))(react@18.2.0)(sass@1.97.2))(react@18.2.0)
      typescript: 4.5.2

  next-translate@2.6.2(next@14.2.35(react-dom@18.2.0(react@18.2.0))(react@18.2.0)(sass@1.97.2))(react@18.2.0):
    dependencies:
      next: 14.2.35(react-dom@18.2.0(react@18.2.0))(react@18.2.0)(sass@1.97.2)
      react: 18.2.0

  next@14.2.35(react-dom@18.2.0(react@18.2.0))(react@18.2.0)(sass@1.97.2):
    dependencies:
      '@next/env': 14.2.35
      '@swc/helpers': 0.5.5
      busboy: 1.6.0
      caniuse-lite: 1.0.30001763
      graceful-fs: 4.2.11
      postcss: 8.4.31
      react: 18.2.0
      react-dom: 18.2.0(react@18.2.0)
      styled-jsx: 5.1.1(react@18.2.0)
    optionalDependencies:
      '@next/swc-darwin-arm64': 14.2.33
      '@next/swc-darwin-x64': 14.2.33
      '@next/swc-linux-arm64-gnu': 14.2.33
      '@next/swc-linux-arm64-musl': 14.2.33
      '@next/swc-linux-x64-gnu': 14.2.33
      '@next/swc-linux-x64-musl': 14.2.33
      '@next/swc-win32-arm64-msvc': 14.2.33
      '@next/swc-win32-ia32-msvc': 14.2.33
      '@next/swc-win32-x64-msvc': 14.2.33
      sass: 1.97.2
    transitivePeerDependencies:
      - '@babel/core'
      - babel-plugin-macros

  node-addon-api@7.1.1:
    optional: true

  object-assign@4.1.1: {}

  outlayer@2.1.1:
    dependencies:
      ev-emitter: 1.1.1
      fizzy-ui-utils: 2.0.7
      get-size: 2.0.3

  picocolors@1.1.1: {}

  picomatch@2.3.1:
    optional: true

  postcss@8.4.31:
    dependencies:
      nanoid: 3.3.11
      picocolors: 1.1.1
      source-map-js: 1.2.1

  prop-types@15.8.1:
    dependencies:
      loose-envify: 1.4.0
      object-assign: 4.1.1
      react-is: 16.13.1

  proxy-from-env@1.1.0: {}

  react-curved-text@2.0.2(react-dom@18.2.0(react@18.2.0))(react@18.2.0):
    dependencies:
      react: 18.2.0
      react-dom: 18.2.0(react@18.2.0)
      svg-path-commander: 1.0.5

  react-dom@18.2.0(react@18.2.0):
    dependencies:
      loose-envify: 1.4.0
      react: 18.2.0
      scheduler: 0.23.2

  react-i18next@15.7.4(i18next@25.7.4)(react-dom@18.2.0(react@18.2.0))(react@18.2.0):
    dependencies:
      '@babel/runtime': 7.28.4
      html-parse-stringify: 3.0.1
      i18next: 25.7.4
      react: 18.2.0
    optionalDependencies:
      react-dom: 18.2.0(react@18.2.0)

  react-is@16.13.1: {}

  react-modal-video@2.0.2(react-dom@18.2.0(react@18.2.0))(react@18.2.0):
    dependencies:
      core-js: 3.47.0
      react: 18.2.0
      react-dom: 18.2.0(react@18.2.0)
      react-transition-group: 4.4.5(react-dom@18.2.0(react@18.2.0))(react@18.2.0)

  react-transition-group@4.4.5(react-dom@18.2.0(react@18.2.0))(react@18.2.0):
    dependencies:
      '@babel/runtime': 7.28.4
      dom-helpers: 5.2.1
      loose-envify: 1.4.0
      prop-types: 15.8.1
      react: 18.2.0
      react-dom: 18.2.0(react@18.2.0)

  react@18.2.0:
    dependencies:
      loose-envify: 1.4.0

  readdirp@4.1.2: {}

  sass@1.97.2:
    dependencies:
      chokidar: 4.0.3
      immutable: 5.1.4
      source-map-js: 1.2.1
    optionalDependencies:
      '@parcel/watcher': 2.5.1

  scheduler@0.23.2:
    dependencies:
      loose-envify: 1.4.0

  source-map-js@1.2.1: {}

  streamsearch@1.1.0: {}

  styled-jsx@5.1.1(react@18.2.0):
    dependencies:
      client-only: 0.0.1
      react: 18.2.0

  svg-path-commander@1.0.5:
    dependencies:
      dommatrix: 1.0.3

  swiper@10.3.1: {}

  to-regex-range@5.0.1:
    dependencies:
      is-number: 7.0.0
    optional: true

  tslib@2.8.1: {}

  typescript@4.5.2: {}

  void-elements@3.1.0: {}

  wowjs@1.1.3:
    dependencies:
      animate.css: 4.1.1
